
Microsoft Visual Studio Solution File, Format Version 12.00
# Visual Studio Version 16
VisualStudioVersion = 16.0.32106.194
MinimumVisualStudioVersion = 10.0.40219.1
Project("{9A19103F-16F7-4668-BE54-9A1E7A4F7556}") = "Delegates", "Delegates\Delegates.csproj", "{13B4B378-BBCF-49F6-A91E-33A4DA396449}"
EndProject
Project("{9A19103F-16F7-4668-BE54-9A1E7A4F7556}") = "WritingToConsole", "WritingToConsole\WritingToConsole.csproj", "{2535172A-DE02-4698-8579-C3B1DA053B07}"
EndProject
Project("{9A19103F-16F7-4668-BE54-9A1E7A4F7556}") = "MethodsInCSharp", "MethodsInCSharp\MethodsInCSharp.csproj", "{AD8D4E7D-71EF-4B5F-99C1-2640C6F7082D}"
EndProject
Project("{9A19103F-16F7-4668-BE54-9A1E7A4F7556}") = "Namespaces", "Namespaces\Namespaces.csproj", "{C300AAFA-ECAC-4B12-A60D-9AF086346533}"
EndProject
Project("{9A19103F-16F7-4668-BE54-9A1E7A4F7556}") = "DictionariesInCSharp", "DictionariesInC-Sharp\DictionariesInCSharp.csproj", "{E88CA2AE-D728-49BC-B162-9959026DF6DD}"
EndProject
Project("{9A19103F-16F7-4668-BE54-9A1E7A4F7556}") = "MethodOverloading", "MethodOverloading\MethodOverloading.csproj", "{EF4E3DB9-F5A6-42CD-8F98-A8C713368903}"
EndProject
Project("{9A19103F-16F7-4668-BE54-9A1E7A4F7556}") = "MethodOverriding", "MethodOverriding\MethodOverriding.csproj", "{7ACD1CA5-88A3-4FDE-80EE-D207E2C8F270}"
EndProject
Project("{9A19103F-16F7-4668-BE54-9A1E7A4F7556}") = "PartialClasses", "PartialClasses\PartialClasses.csproj", "{8AD77529-731E-422C-B39D-BF4636F68E49}"
EndProject
Project("{9A19103F-16F7-4668-BE54-9A1E7A4F7556}") = "AbstractClass", "AbstractClass\AbstractClass.csproj", "{2252EDB9-82AC-42A7-A02C-02039E4851BA}"
EndProject
Project("{9A19103F-16F7-4668-BE54-9A1E7A4F7556}") = "Inheritance", "Inheritance\Inheritance.csproj", "{3955AE36-B13B-4457-BA04-0357F8A16C89}"
EndProject
Project("{9A19103F-16F7-4668-BE54-9A1E7A4F7556}") = "Interfaces", "Interfaces\Interfaces.csproj", "{80BD4FE7-2E20-4998-ABD2-96370349C993}"
EndProject
Project("{9A19103F-16F7-4668-BE54-9A1E7A4F7556}") = "ListCollectionClass", "ListCollectionClass\ListCollectionClass.csproj", "{9AB9F303-6520-4445-8E04-15D46DD4F39E}"
EndProject
Project("{9A19103F-16F7-4668-BE54-9A1E7A4F7556}") = "StackCollectionClass", "StackCollectionClass\StackCollectionClass.csproj", "{0D865430-65A4-4E79-93CE-BDFA26647FDC}"
EndProject
Project("{9A19103F-16F7-4668-BE54-9A1E7A4F7556}") = "QueueCollectionClass", "QueueCollectionClass\QueueCollectionClass.csproj", "{FF10524E-C8E6-44A6-89BD-2038CC81FF86}"
EndProject
Project("{9A19103F-16F7-4668-BE54-9A1E7A4F7556}") = "SortingUsingComparer", "SortingUsingComparer\SortingUsingComparer.csproj", "{D3DD0101-636A-4328-877B-5C3C05633473}"
EndProject
Project("{9A19103F-16F7-4668-BE54-9A1E7A4F7556}") = "SortingComplexTypes", "SortingComplexTypes\SortingComplexTypes.csproj", "{AEC0C2F6-A3F4-4E46-96C8-7673CB7A27BD}"
EndProject
Project("{9A19103F-16F7-4668-BE54-9A1E7A4F7556}") = "SortingUsingComparisionDelegate", "SortingUsingComparisionDelegate\SortingUsingComparisionDelegate.csproj", "{78675D5E-5FAA-4D70-BC1D-15D6B198E572}"
EndProject
Project("{9A19103F-16F7-4668-BE54-9A1E7A4F7556}") = "ExceptionHandling", "ExceptionHandling\ExceptionHandling.csproj", "{B6303489-03E0-44D8-B611-A729780412FD}"
EndProject
Project("{9A19103F-16F7-4668-BE54-9A1E7A4F7556}") = "SingleResponsibilityPrinciple", "SingleResponsibilityPrinciple\SingleResponsibilityPrinciple.csproj", "{64CA115F-0897-4688-8D93-CA658BEF5558}"
EndProject
Project("{9A19103F-16F7-4668-BE54-9A1E7A4F7556}") = "InterfaceSegregationPrinciple", "InterfaceSegregationPrinciple\InterfaceSegregationPrinciple.csproj", "{234EDE56-300A-4EAE-AE9C-D2DCA96A3BDA}"
EndProject
Project("{9A19103F-16F7-4668-BE54-9A1E7A4F7556}") = "OpenClosedPrinciple", "Open-ClosedPrinciple\OpenClosedPrinciple.csproj", "{69162B84-33BC-4157-8FA1-32F04A1AAAF4}"
EndProject
Project("{9A19103F-16F7-4668-BE54-9A1E7A4F7556}") = "LiskovSubstitutionPrinciple", "LiskovSubstitutionPrinciple\LiskovSubstitutionPrinciple.csproj", "{E17A0555-2B7F-4ECA-A015-BEBCB07504B5}"
EndProject
Project("{FAE04EC0-301F-11D3-BF4B-00C04F79EFBC}") = "SchoolFormsApp", "..\..\..\Downloads\Ex_Files_C_Sharp_EssT_1_Syntax_OOP\Ex_Files_C_Sharp_EssT_1_Syntax_OOP\Exercise Files\CH04\04-15\done\SchoolApp\SchoolFormsApp\SchoolFormsApp.csproj", "{E1E5EC32-3949-4125-B992-635216224E6C}"
EndProject
Project("{9A19103F-16F7-4668-BE54-9A1E7A4F7556}") = "SchoolLibrary", "..\..\..\Downloads\Ex_Files_C_Sharp_EssT_1_Syntax_OOP\Ex_Files_C_Sharp_EssT_1_Syntax_OOP\Exercise Files\CH04\04-15\done\SchoolApp\SchoolLibrary\SchoolLibrary.csproj", "{628F4B7A-0189-4F9C-AA28-E94F510BFDAF}"
EndProject
Project("{FAE04EC0-301F-11D3-BF4B-00C04F79EFBC}") = "SchoolLibraryUnitTest", "SchoolLibraryUnitTest\SchoolLibraryUnitTest.csproj", "{A962DD50-3201-4773-9FCA-216E761AC7BA}"
EndProject
Project("{9A19103F-16F7-4668-BE54-9A1E7A4F7556}") = "DependencyInversionExample", "DependencyInjectionExample\DependencyInversionExample.csproj", "{768CCAE3-9614-4CA5-A17D-3B4221BFD276}"
EndProject
Project("{FAE04EC0-301F-11D3-BF4B-00C04F79EFBC}") = "SalaryCalculatorTestProject", "..\..\..\Downloads\Ex_Files_Csharp_TestDriven\Ex_Files_Csharp_TestDriven\Exercise Files\Ch03\03_05\Finish\SalaryCalculatorTestProject\SalaryCalculatorTestProject\SalaryCalculatorTestProject.csproj", "{047F1149-5A14-4F62-974C-23DCDB736C7D}"
EndProject
Project("{FAE04EC0-301F-11D3-BF4B-00C04F79EFBC}") = "Calculator", "..\..\..\Downloads\Ex_Files_Csharp_TestDriven\Ex_Files_Csharp_TestDriven\Exercise Files\Ch03\03_05\Finish\SalaryCalculatorTestProject\Calculator\Calculator.csproj", "{D17813D8-0433-4FC9-92C9-F5BA79FE7825}"
EndProject
Project("{9A19103F-16F7-4668-BE54-9A1E7A4F7556}") = "StaticClasses", "StaticClasses\StaticClasses.csproj", "{4266C418-631A-418B-8072-8798874D07BB}"
EndProject
Project("{FAE04EC0-301F-11D3-BF4B-00C04F79EFBC}") = "Polymorphism", "..\..\..\Downloads\Ex_Files_Csharp_TestDriven\Ex_Files_Csharp_TestDriven\Exercise Files\Ch04\04_05\Finish\Polymorphism\Polymorphism\Polymorphism.csproj", "{646B8E38-A232-4DAD-BB90-C2AC2B7A65AA}"
EndProject
Project("{FAE04EC0-301F-11D3-BF4B-00C04F79EFBC}") = "PolymorphismTestProject", "..\..\..\Downloads\Ex_Files_Csharp_TestDriven\Ex_Files_Csharp_TestDriven\Exercise Files\Ch04\04_05\Finish\Polymorphism\PolymorphismTestProject\PolymorphismTestProject.csproj", "{B399F4CE-589D-4778-A9FB-E7145F618E4A}"
EndProject
Project("{9A19103F-16F7-4668-BE54-9A1E7A4F7556}") = "FactoryMethodPattern", "FactoryMethodPattern\FactoryMethodPattern.csproj", "{8E645EAF-E6E1-484F-A2E6-45C0205453F4}"
EndProject
Project("{9A19103F-16F7-4668-BE54-9A1E7A4F7556}") = "SingletonDesignPattern", "SingletonDesignPattern\SingletonDesignPattern.csproj", "{183DEA32-BB05-4C1B-800B-91F823A0D0FA}"
EndProject
Project("{FAE04EC0-301F-11D3-BF4B-00C04F79EFBC}") = "IteratorPattern", "IteratorPattern\IteratorPattern.csproj", "{9C0BE67E-5846-4BFB-99B4-6FBA8437056C}"
EndProject
Project("{FAE04EC0-301F-11D3-BF4B-00C04F79EFBC}") = "ObserverPattern", "ObserverDesignPattern\ObserverPattern.csproj", "{F1DDCC5A-8D18-45F0-9D69-9F43AB0C2666}"
EndProject
Project("{FAE04EC0-301F-11D3-BF4B-00C04F79EFBC}") = "DecoratorPattern", "DecoratorPattern\DecoratorPattern.csproj", "{6740C93B-6ED4-436D-8291-0C99E6A99C79}"
EndProject
Project("{FAE04EC0-301F-11D3-BF4B-00C04F79EFBC}") = "SchoolLibraryUnitTesting", "SchoolLibraryUnitTesting\SchoolLibraryUnitTesting.csproj", "{2720D50B-BF68-4B8D-8C07-588D68DB1EDD}"
EndProject
Project("{2150E333-8FDC-42A3-9474-1A3956D46DE8}") = "DesignPatterns", "DesignPatterns", "{3B5A0211-7C2F-4BFD-A543-F89AE41FD9DE}"
EndProject
Project("{2150E333-8FDC-42A3-9474-1A3956D46DE8}") = "Collections", "Collections", "{3549129E-C366-410A-90A6-E10E6C6292C7}"
EndProject
Project("{FAE04EC0-301F-11D3-BF4B-00C04F79EFBC}") = "SalaryCalculatorForTesting", "SalaryCalculatorForTesting\SalaryCalculatorForTesting.csproj", "{4631CE3D-307C-4B85-80DF-EE05DB223C94}"
EndProject
Project("{FAE04EC0-301F-11D3-BF4B-00C04F79EFBC}") = "MethodHiding", "MethodHiding\MethodHiding.csproj", "{FCA5130E-7ADF-42C3-9410-DBFC47328B95}"
EndProject
Global
	GlobalSection(SolutionConfigurationPlatforms) = preSolution
		Debug|Any CPU = Debug|Any CPU
		Release|Any CPU = Release|Any CPU
	EndGlobalSection
	GlobalSection(ProjectConfigurationPlatforms) = postSolution
		{13B4B378-BBCF-49F6-A91E-33A4DA396449}.Debug|Any CPU.ActiveCfg = Debug|Any CPU
		{13B4B378-BBCF-49F6-A91E-33A4DA396449}.Debug|Any CPU.Build.0 = Debug|Any CPU
		{13B4B378-BBCF-49F6-A91E-33A4DA396449}.Release|Any CPU.ActiveCfg = Release|Any CPU
		{13B4B378-BBCF-49F6-A91E-33A4DA396449}.Release|Any CPU.Build.0 = Release|Any CPU
		{2535172A-DE02-4698-8579-C3B1DA053B07}.Debug|Any CPU.ActiveCfg = Debug|Any CPU
		{2535172A-DE02-4698-8579-C3B1DA053B07}.Debug|Any CPU.Build.0 = Debug|Any CPU
		{2535172A-DE02-4698-8579-C3B1DA053B07}.Release|Any CPU.ActiveCfg = Release|Any CPU
		{2535172A-DE02-4698-8579-C3B1DA053B07}.Release|Any CPU.Build.0 = Release|Any CPU
		{AD8D4E7D-71EF-4B5F-99C1-2640C6F7082D}.Debug|Any CPU.ActiveCfg = Debug|Any CPU
		{AD8D4E7D-71EF-4B5F-99C1-2640C6F7082D}.Debug|Any CPU.Build.0 = Debug|Any CPU
		{AD8D4E7D-71EF-4B5F-99C1-2640C6F7082D}.Release|Any CPU.ActiveCfg = Release|Any CPU
		{AD8D4E7D-71EF-4B5F-99C1-2640C6F7082D}.Release|Any CPU.Build.0 = Release|Any CPU
		{C300AAFA-ECAC-4B12-A60D-9AF086346533}.Debug|Any CPU.ActiveCfg = Debug|Any CPU
		{C300AAFA-ECAC-4B12-A60D-9AF086346533}.Debug|Any CPU.Build.0 = Debug|Any CPU
		{C300AAFA-ECAC-4B12-A60D-9AF086346533}.Release|Any CPU.ActiveCfg = Release|Any CPU
		{C300AAFA-ECAC-4B12-A60D-9AF086346533}.Release|Any CPU.Build.0 = Release|Any CPU
		{E88CA2AE-D728-49BC-B162-9959026DF6DD}.Debug|Any CPU.ActiveCfg = Debug|Any CPU
		{E88CA2AE-D728-49BC-B162-9959026DF6DD}.Debug|Any CPU.Build.0 = Debug|Any CPU
		{E88CA2AE-D728-49BC-B162-9959026DF6DD}.Release|Any CPU.ActiveCfg = Release|Any CPU
		{E88CA2AE-D728-49BC-B162-9959026DF6DD}.Release|Any CPU.Build.0 = Release|Any CPU
		{EF4E3DB9-F5A6-42CD-8F98-A8C713368903}.Debug|Any CPU.ActiveCfg = Debug|Any CPU
		{EF4E3DB9-F5A6-42CD-8F98-A8C713368903}.Debug|Any CPU.Build.0 = Debug|Any CPU
		{EF4E3DB9-F5A6-42CD-8F98-A8C713368903}.Release|Any CPU.ActiveCfg = Release|Any CPU
		{EF4E3DB9-F5A6-42CD-8F98-A8C713368903}.Release|Any CPU.Build.0 = Release|Any CPU
		{7ACD1CA5-88A3-4FDE-80EE-D207E2C8F270}.Debug|Any CPU.ActiveCfg = Debug|Any CPU
		{7ACD1CA5-88A3-4FDE-80EE-D207E2C8F270}.Debug|Any CPU.Build.0 = Debug|Any CPU
		{7ACD1CA5-88A3-4FDE-80EE-D207E2C8F270}.Release|Any CPU.ActiveCfg = Release|Any CPU
		{7ACD1CA5-88A3-4FDE-80EE-D207E2C8F270}.Release|Any CPU.Build.0 = Release|Any CPU
		{8AD77529-731E-422C-B39D-BF4636F68E49}.Debug|Any CPU.ActiveCfg = Debug|Any CPU
		{8AD77529-731E-422C-B39D-BF4636F68E49}.Debug|Any CPU.Build.0 = Debug|Any CPU
		{8AD77529-731E-422C-B39D-BF4636F68E49}.Release|Any CPU.ActiveCfg = Release|Any CPU
		{8AD77529-731E-422C-B39D-BF4636F68E49}.Release|Any CPU.Build.0 = Release|Any CPU
		{2252EDB9-82AC-42A7-A02C-02039E4851BA}.Debug|Any CPU.ActiveCfg = Debug|Any CPU
		{2252EDB9-82AC-42A7-A02C-02039E4851BA}.Debug|Any CPU.Build.0 = Debug|Any CPU
		{2252EDB9-82AC-42A7-A02C-02039E4851BA}.Release|Any CPU.ActiveCfg = Release|Any CPU
		{2252EDB9-82AC-42A7-A02C-02039E4851BA}.Release|Any CPU.Build.0 = Release|Any CPU
		{3955AE36-B13B-4457-BA04-0357F8A16C89}.Debug|Any CPU.ActiveCfg = Debug|Any CPU
		{3955AE36-B13B-4457-BA04-0357F8A16C89}.Debug|Any CPU.Build.0 = Debug|Any CPU
		{3955AE36-B13B-4457-BA04-0357F8A16C89}.Release|Any CPU.ActiveCfg = Release|Any CPU
		{3955AE36-B13B-4457-BA04-0357F8A16C89}.Release|Any CPU.Build.0 = Release|Any CPU
		{80BD4FE7-2E20-4998-ABD2-96370349C993}.Debug|Any CPU.ActiveCfg = Debug|Any CPU
		{80BD4FE7-2E20-4998-ABD2-96370349C993}.Debug|Any CPU.Build.0 = Debug|Any CPU
		{80BD4FE7-2E20-4998-ABD2-96370349C993}.Release|Any CPU.ActiveCfg = Release|Any CPU
		{80BD4FE7-2E20-4998-ABD2-96370349C993}.Release|Any CPU.Build.0 = Release|Any CPU
		{9AB9F303-6520-4445-8E04-15D46DD4F39E}.Debug|Any CPU.ActiveCfg = Debug|Any CPU
		{9AB9F303-6520-4445-8E04-15D46DD4F39E}.Debug|Any CPU.Build.0 = Debug|Any CPU
		{9AB9F303-6520-4445-8E04-15D46DD4F39E}.Release|Any CPU.ActiveCfg = Release|Any CPU
		{9AB9F303-6520-4445-8E04-15D46DD4F39E}.Release|Any CPU.Build.0 = Release|Any CPU
		{0D865430-65A4-4E79-93CE-BDFA26647FDC}.Debug|Any CPU.ActiveCfg = Debug|Any CPU
		{0D865430-65A4-4E79-93CE-BDFA26647FDC}.Debug|Any CPU.Build.0 = Debug|Any CPU
		{0D865430-65A4-4E79-93CE-BDFA26647FDC}.Release|Any CPU.ActiveCfg = Release|Any CPU
		{0D865430-65A4-4E79-93CE-BDFA26647FDC}.Release|Any CPU.Build.0 = Release|Any CPU
		{FF10524E-C8E6-44A6-89BD-2038CC81FF86}.Debug|Any CPU.ActiveCfg = Debug|Any CPU
		{FF10524E-C8E6-44A6-89BD-2038CC81FF86}.Debug|Any CPU.Build.0 = Debug|Any CPU
		{FF10524E-C8E6-44A6-89BD-2038CC81FF86}.Release|Any CPU.ActiveCfg = Release|Any CPU
		{FF10524E-C8E6-44A6-89BD-2038CC81FF86}.Release|Any CPU.Build.0 = Release|Any CPU
		{D3DD0101-636A-4328-877B-5C3C05633473}.Debug|Any CPU.ActiveCfg = Debug|Any CPU
		{D3DD0101-636A-4328-877B-5C3C05633473}.Debug|Any CPU.Build.0 = Debug|Any CPU
		{D3DD0101-636A-4328-877B-5C3C05633473}.Release|Any CPU.ActiveCfg = Release|Any CPU
		{D3DD0101-636A-4328-877B-5C3C05633473}.Release|Any CPU.Build.0 = Release|Any CPU
		{AEC0C2F6-A3F4-4E46-96C8-7673CB7A27BD}.Debug|Any CPU.ActiveCfg = Debug|Any CPU
		{AEC0C2F6-A3F4-4E46-96C8-7673CB7A27BD}.Debug|Any CPU.Build.0 = Debug|Any CPU
		{AEC0C2F6-A3F4-4E46-96C8-7673CB7A27BD}.Release|Any CPU.ActiveCfg = Release|Any CPU
		{AEC0C2F6-A3F4-4E46-96C8-7673CB7A27BD}.Release|Any CPU.Build.0 = Release|Any CPU
		{78675D5E-5FAA-4D70-BC1D-15D6B198E572}.Debug|Any CPU.ActiveCfg = Debug|Any CPU
		{78675D5E-5FAA-4D70-BC1D-15D6B198E572}.Debug|Any CPU.Build.0 = Debug|Any CPU
		{78675D5E-5FAA-4D70-BC1D-15D6B198E572}.Release|Any CPU.ActiveCfg = Release|Any CPU
		{78675D5E-5FAA-4D70-BC1D-15D6B198E572}.Release|Any CPU.Build.0 = Release|Any CPU
		{B6303489-03E0-44D8-B611-A729780412FD}.Debug|Any CPU.ActiveCfg = Debug|Any CPU
		{B6303489-03E0-44D8-B611-A729780412FD}.Debug|Any CPU.Build.0 = Debug|Any CPU
		{B6303489-03E0-44D8-B611-A729780412FD}.Release|Any CPU.ActiveCfg = Release|Any CPU
		{B6303489-03E0-44D8-B611-A729780412FD}.Release|Any CPU.Build.0 = Release|Any CPU
		{64CA115F-0897-4688-8D93-CA658BEF5558}.Debug|Any CPU.ActiveCfg = Debug|Any CPU
		{64CA115F-0897-4688-8D93-CA658BEF5558}.Debug|Any CPU.Build.0 = Debug|Any CPU
		{64CA115F-0897-4688-8D93-CA658BEF5558}.Release|Any CPU.ActiveCfg = Release|Any CPU
		{64CA115F-0897-4688-8D93-CA658BEF5558}.Release|Any CPU.Build.0 = Release|Any CPU
		{234EDE56-300A-4EAE-AE9C-D2DCA96A3BDA}.Debug|Any CPU.ActiveCfg = Debug|Any CPU
		{234EDE56-300A-4EAE-AE9C-D2DCA96A3BDA}.Debug|Any CPU.Build.0 = Debug|Any CPU
		{234EDE56-300A-4EAE-AE9C-D2DCA96A3BDA}.Release|Any CPU.ActiveCfg = Release|Any CPU
		{234EDE56-300A-4EAE-AE9C-D2DCA96A3BDA}.Release|Any CPU.Build.0 = Release|Any CPU
		{69162B84-33BC-4157-8FA1-32F04A1AAAF4}.Debug|Any CPU.ActiveCfg = Debug|Any CPU
		{69162B84-33BC-4157-8FA1-32F04A1AAAF4}.Debug|Any CPU.Build.0 = Debug|Any CPU
		{69162B84-33BC-4157-8FA1-32F04A1AAAF4}.Release|Any CPU.ActiveCfg = Release|Any CPU
		{69162B84-33BC-4157-8FA1-32F04A1AAAF4}.Release|Any CPU.Build.0 = Release|Any CPU
		{E17A0555-2B7F-4ECA-A015-BEBCB07504B5}.Debug|Any CPU.ActiveCfg = Debug|Any CPU
		{E17A0555-2B7F-4ECA-A015-BEBCB07504B5}.Debug|Any CPU.Build.0 = Debug|Any CPU
		{E17A0555-2B7F-4ECA-A015-BEBCB07504B5}.Release|Any CPU.ActiveCfg = Release|Any CPU
		{E17A0555-2B7F-4ECA-A015-BEBCB07504B5}.Release|Any CPU.Build.0 = Release|Any CPU
		{E1E5EC32-3949-4125-B992-635216224E6C}.Debug|Any CPU.ActiveCfg = Debug|Any CPU
		{E1E5EC32-3949-4125-B992-635216224E6C}.Debug|Any CPU.Build.0 = Debug|Any CPU
		{E1E5EC32-3949-4125-B992-635216224E6C}.Release|Any CPU.ActiveCfg = Release|Any CPU
		{E1E5EC32-3949-4125-B992-635216224E6C}.Release|Any CPU.Build.0 = Release|Any CPU
		{628F4B7A-0189-4F9C-AA28-E94F510BFDAF}.Debug|Any CPU.ActiveCfg = Debug|Any CPU
		{628F4B7A-0189-4F9C-AA28-E94F510BFDAF}.Debug|Any CPU.Build.0 = Debug|Any CPU
		{628F4B7A-0189-4F9C-AA28-E94F510BFDAF}.Release|Any CPU.ActiveCfg = Release|Any CPU
		{628F4B7A-0189-4F9C-AA28-E94F510BFDAF}.Release|Any CPU.Build.0 = Release|Any CPU
		{A962DD50-3201-4773-9FCA-216E761AC7BA}.Debug|Any CPU.ActiveCfg = Debug|Any CPU
		{A962DD50-3201-4773-9FCA-216E761AC7BA}.Debug|Any CPU.Build.0 = Debug|Any CPU
		{A962DD50-3201-4773-9FCA-216E761AC7BA}.Release|Any CPU.ActiveCfg = Release|Any CPU
		{A962DD50-3201-4773-9FCA-216E761AC7BA}.Release|Any CPU.Build.0 = Release|Any CPU
		{768CCAE3-9614-4CA5-A17D-3B4221BFD276}.Debug|Any CPU.ActiveCfg = Debug|Any CPU
		{768CCAE3-9614-4CA5-A17D-3B4221BFD276}.Debug|Any CPU.Build.0 = Debug|Any CPU
		{768CCAE3-9614-4CA5-A17D-3B4221BFD276}.Release|Any CPU.ActiveCfg = Release|Any CPU
		{768CCAE3-9614-4CA5-A17D-3B4221BFD276}.Release|Any CPU.Build.0 = Release|Any CPU
		{047F1149-5A14-4F62-974C-23DCDB736C7D}.Debug|Any CPU.ActiveCfg = Debug|Any CPU
		{047F1149-5A14-4F62-974C-23DCDB736C7D}.Debug|Any CPU.Build.0 = Debug|Any CPU
		{047F1149-5A14-4F62-974C-23DCDB736C7D}.Release|Any CPU.ActiveCfg = Release|Any CPU
		{047F1149-5A14-4F62-974C-23DCDB736C7D}.Release|Any CPU.Build.0 = Release|Any CPU
		{D17813D8-0433-4FC9-92C9-F5BA79FE7825}.Debug|Any CPU.ActiveCfg = Debug|Any CPU
		{D17813D8-0433-4FC9-92C9-F5BA79FE7825}.Debug|Any CPU.Build.0 = Debug|Any CPU
		{D17813D8-0433-4FC9-92C9-F5BA79FE7825}.Release|Any CPU.ActiveCfg = Release|Any CPU
		{D17813D8-0433-4FC9-92C9-F5BA79FE7825}.Release|Any CPU.Build.0 = Release|Any CPU
		{4266C418-631A-418B-8072-8798874D07BB}.Debug|Any CPU.ActiveCfg = Debug|Any CPU
		{4266C418-631A-418B-8072-8798874D07BB}.Debug|Any CPU.Build.0 = Debug|Any CPU
		{4266C418-631A-418B-8072-8798874D07BB}.Release|Any CPU.ActiveCfg = Release|Any CPU
		{4266C418-631A-418B-8072-8798874D07BB}.Release|Any CPU.Build.0 = Release|Any CPU
		{646B8E38-A232-4DAD-BB90-C2AC2B7A65AA}.Debug|Any CPU.ActiveCfg = Debug|Any CPU
		{646B8E38-A232-4DAD-BB90-C2AC2B7A65AA}.Debug|Any CPU.Build.0 = Debug|Any CPU
		{646B8E38-A232-4DAD-BB90-C2AC2B7A65AA}.Release|Any CPU.ActiveCfg = Release|Any CPU
		{646B8E38-A232-4DAD-BB90-C2AC2B7A65AA}.Release|Any CPU.Build.0 = Release|Any CPU
		{B399F4CE-589D-4778-A9FB-E7145F618E4A}.Debug|Any CPU.ActiveCfg = Debug|Any CPU
		{B399F4CE-589D-4778-A9FB-E7145F618E4A}.Debug|Any CPU.Build.0 = Debug|Any CPU
		{B399F4CE-589D-4778-A9FB-E7145F618E4A}.Release|Any CPU.ActiveCfg = Release|Any CPU
		{B399F4CE-589D-4778-A9FB-E7145F618E4A}.Release|Any CPU.Build.0 = Release|Any CPU
		{8E645EAF-E6E1-484F-A2E6-45C0205453F4}.Debug|Any CPU.ActiveCfg = Debug|Any CPU
		{8E645EAF-E6E1-484F-A2E6-45C0205453F4}.Debug|Any CPU.Build.0 = Debug|Any CPU
		{8E645EAF-E6E1-484F-A2E6-45C0205453F4}.Release|Any CPU.ActiveCfg = Release|Any CPU
		{8E645EAF-E6E1-484F-A2E6-45C0205453F4}.Release|Any CPU.Build.0 = Release|Any CPU
		{183DEA32-BB05-4C1B-800B-91F823A0D0FA}.Debug|Any CPU.ActiveCfg = Debug|Any CPU
		{183DEA32-BB05-4C1B-800B-91F823A0D0FA}.Debug|Any CPU.Build.0 = Debug|Any CPU
		{183DEA32-BB05-4C1B-800B-91F823A0D0FA}.Release|Any CPU.ActiveCfg = Release|Any CPU
		{183DEA32-BB05-4C1B-800B-91F823A0D0FA}.Release|Any CPU.Build.0 = Release|Any CPU
		{9C0BE67E-5846-4BFB-99B4-6FBA8437056C}.Debug|Any CPU.ActiveCfg = Debug|Any CPU
		{9C0BE67E-5846-4BFB-99B4-6FBA8437056C}.Debug|Any CPU.Build.0 = Debug|Any CPU
		{9C0BE67E-5846-4BFB-99B4-6FBA8437056C}.Release|Any CPU.ActiveCfg = Release|Any CPU
		{9C0BE67E-5846-4BFB-99B4-6FBA8437056C}.Release|Any CPU.Build.0 = Release|Any CPU
		{F1DDCC5A-8D18-45F0-9D69-9F43AB0C2666}.Debug|Any CPU.ActiveCfg = Debug|Any CPU
		{F1DDCC5A-8D18-45F0-9D69-9F43AB0C2666}.Debug|Any CPU.Build.0 = Debug|Any CPU
		{F1DDCC5A-8D18-45F0-9D69-9F43AB0C2666}.Release|Any CPU.ActiveCfg = Release|Any CPU
		{F1DDCC5A-8D18-45F0-9D69-9F43AB0C2666}.Release|Any CPU.Build.0 = Release|Any CPU
		{6740C93B-6ED4-436D-8291-0C99E6A99C79}.Debug|Any CPU.ActiveCfg = Debug|Any CPU
		{6740C93B-6ED4-436D-8291-0C99E6A99C79}.Debug|Any CPU.Build.0 = Debug|Any CPU
		{6740C93B-6ED4-436D-8291-0C99E6A99C79}.Release|Any CPU.ActiveCfg = Release|Any CPU
		{6740C93B-6ED4-436D-8291-0C99E6A99C79}.Release|Any CPU.Build.0 = Release|Any CPU
		{2720D50B-BF68-4B8D-8C07-588D68DB1EDD}.Debug|Any CPU.ActiveCfg = Debug|Any CPU
		{2720D50B-BF68-4B8D-8C07-588D68DB1EDD}.Debug|Any CPU.Build.0 = Debug|Any CPU
		{2720D50B-BF68-4B8D-8C07-588D68DB1EDD}.Release|Any CPU.ActiveCfg = Release|Any CPU
		{2720D50B-BF68-4B8D-8C07-588D68DB1EDD}.Release|Any CPU.Build.0 = Release|Any CPU
		{4631CE3D-307C-4B85-80DF-EE05DB223C94}.Debug|Any CPU.ActiveCfg = Debug|Any CPU
		{4631CE3D-307C-4B85-80DF-EE05DB223C94}.Debug|Any CPU.Build.0 = Debug|Any CPU
		{4631CE3D-307C-4B85-80DF-EE05DB223C94}.Release|Any CPU.ActiveCfg = Release|Any CPU
		{4631CE3D-307C-4B85-80DF-EE05DB223C94}.Release|Any CPU.Build.0 = Release|Any CPU
		{FCA5130E-7ADF-42C3-9410-DBFC47328B95}.Debug|Any CPU.ActiveCfg = Debug|Any CPU
		{FCA5130E-7ADF-42C3-9410-DBFC47328B95}.Debug|Any CPU.Build.0 = Debug|Any CPU
		{FCA5130E-7ADF-42C3-9410-DBFC47328B95}.Release|Any CPU.ActiveCfg = Release|Any CPU
		{FCA5130E-7ADF-42C3-9410-DBFC47328B95}.Release|Any CPU.Build.0 = Release|Any CPU
	EndGlobalSection
	GlobalSection(SolutionProperties) = preSolution
		HideSolutionNode = FALSE
	EndGlobalSection
	GlobalSection(NestedProjects) = preSolution
		{E88CA2AE-D728-49BC-B162-9959026DF6DD} = {3549129E-C366-410A-90A6-E10E6C6292C7}
		{9AB9F303-6520-4445-8E04-15D46DD4F39E} = {3549129E-C366-410A-90A6-E10E6C6292C7}
		{0D865430-65A4-4E79-93CE-BDFA26647FDC} = {3549129E-C366-410A-90A6-E10E6C6292C7}
		{FF10524E-C8E6-44A6-89BD-2038CC81FF86} = {3549129E-C366-410A-90A6-E10E6C6292C7}
		{8E645EAF-E6E1-484F-A2E6-45C0205453F4} = {3B5A0211-7C2F-4BFD-A543-F89AE41FD9DE}
		{183DEA32-BB05-4C1B-800B-91F823A0D0FA} = {3B5A0211-7C2F-4BFD-A543-F89AE41FD9DE}
		{9C0BE67E-5846-4BFB-99B4-6FBA8437056C} = {3B5A0211-7C2F-4BFD-A543-F89AE41FD9DE}
		{F1DDCC5A-8D18-45F0-9D69-9F43AB0C2666} = {3B5A0211-7C2F-4BFD-A543-F89AE41FD9DE}
		{6740C93B-6ED4-436D-8291-0C99E6A99C79} = {3B5A0211-7C2F-4BFD-A543-F89AE41FD9DE}
	EndGlobalSection
	GlobalSection(ExtensibilityGlobals) = postSolution
		SolutionGuid = {A5648E9F-3CFB-41B7-BAA9-67D15DFC4738}
	EndGlobalSection
EndGlobal
