
Microsoft Visual Studio Solution File, Format Version 12.00
# Visual Studio Version 16
VisualStudioVersion = 16.0.32106.194
MinimumVisualStudioVersion = 10.0.40219.1
Project("{9A19103F-16F7-4668-BE54-9A1E7A4F7556}") = "Delegates", "Delegates\Delegates.csproj", "{13B4B378-BBCF-49F6-A91E-33A4DA396449}"
EndProject
Project("{9A19103F-16F7-4668-BE54-9A1E7A4F7556}") = "WritingToConsole", "WritingToConsole\WritingToConsole.csproj", "{2535172A-DE02-4698-8579-C3B1DA053B07}"
EndProject
Project("{9A19103F-16F7-4668-BE54-9A1E7A4F7556}") = "Namespaces", "Namespaces\Namespaces.csproj", "{C300AAFA-ECAC-4B12-A60D-9AF086346533}"
EndProject
Project("{9A19103F-16F7-4668-BE54-9A1E7A4F7556}") = "PartialClasses", "PartialClasses\PartialClasses.csproj", "{8AD77529-731E-422C-B39D-BF4636F68E49}"
EndProject
Project("{9A19103F-16F7-4668-BE54-9A1E7A4F7556}") = "ExceptionHandling", "ExceptionHandling\ExceptionHandling.csproj", "{B6303489-03E0-44D8-B611-A729780412FD}"
EndProject
Project("{FAE04EC0-301F-11D3-BF4B-00C04F79EFBC}") = "SalaryCalculatorTestProject", "..\..\..\Downloads\Ex_Files_Csharp_TestDriven\Ex_Files_Csharp_TestDriven\Exercise Files\Ch03\03_05\Finish\SalaryCalculatorTestProject\SalaryCalculatorTestProject\SalaryCalculatorTestProject.csproj", "{047F1149-5A14-4F62-974C-23DCDB736C7D}"
EndProject
Project("{9A19103F-16F7-4668-BE54-9A1E7A4F7556}") = "StaticClasses", "StaticClasses\StaticClasses.csproj", "{4266C418-631A-418B-8072-8798874D07BB}"
EndProject
Project("{9A19103F-16F7-4668-BE54-9A1E7A4F7556}") = "SchoolLibraryUnitTesting", "SchoolLibraryUnitTesting\SchoolLibraryUnitTesting.csproj", "{2720D50B-BF68-4B8D-8C07-588D68DB1EDD}"
EndProject
Project("{9A19103F-16F7-4668-BE54-9A1E7A4F7556}") = "SalaryCalculatorForTesting", "SalaryCalculatorForTesting\SalaryCalculatorForTesting.csproj", "{4631CE3D-307C-4B85-80DF-EE05DB223C94}"
EndProject
Project("{FAE04EC0-301F-11D3-BF4B-00C04F79EFBC}") = "SchoolLibraryUnitTest", "SchoolLibraryUnitTest\SchoolLibraryUnitTest.csproj", "{CED0228B-C21C-4745-9BA9-3382B77DC131}"
EndProject
Project("{9A19103F-16F7-4668-BE54-9A1E7A4F7556}") = "RefKeywordExample", "RefKeywordExample\RefKeywordExample.csproj", "{160A0363-005C-46BA-978B-F1B1983A6BF0}"
EndProject
Project("{9A19103F-16F7-4668-BE54-9A1E7A4F7556}") = "OutKeywordExample", "OutKeywordExample\OutKeywordExample.csproj", "{D2120A7B-ED43-4D19-943D-EBF1363BDED9}"
EndProject
Project("{9A19103F-16F7-4668-BE54-9A1E7A4F7556}") = "PrivateAccessModifier", "AccessModifiers\PublicAccessModifier\PrivateAccessModifier.csproj", "{C92AB863-C523-4F7E-ACEC-429FAC3DDA53}"
EndProject
Project("{9A19103F-16F7-4668-BE54-9A1E7A4F7556}") = "Internal_ProtectedInternalAccessModifier", "AccessModifiers\Internal_ProtectedInternalAccessModifier\Internal_ProtectedInternalAccessModifier.csproj", "{A0A3520B-209C-43EC-8D91-D7D2BF857C3C}"
EndProject
Project("{9A19103F-16F7-4668-BE54-9A1E7A4F7556}") = "InternalProtectedInternalModifier", "AccessModifiers\InternalProtectedInternalModifier\InternalProtectedInternalModifier.csproj", "{4B106935-DEE8-4C92-8EDC-E92C55AF19C5}"
EndProject
Project("{9A19103F-16F7-4668-BE54-9A1E7A4F7556}") = "ProtectedAccessModifier", "AccessModifiers\ProtectedAccessModifier\ProtectedAccessModifier.csproj", "{A784E07F-C354-417E-A739-A73855F35B6E}"
EndProject
Project("{2150E333-8FDC-42A3-9474-1A3956D46DE8}") = "AccessModifiers", "AccessModifiers", "{738DD64B-C0BD-411E-9FF5-B0778A718605}"
EndProject
Project("{2150E333-8FDC-42A3-9474-1A3956D46DE8}") = "Collections", "Collections", "{EC9215E5-40AF-468C-8174-CA38C45E2ED6}"
EndProject
Project("{9A19103F-16F7-4668-BE54-9A1E7A4F7556}") = "DictionariesInCSharp", "Collections\DictionariesInC-Sharp\DictionariesInCSharp.csproj", "{243A2F9E-CCC7-40A3-947C-DD29622B6FBE}"
EndProject
Project("{9A19103F-16F7-4668-BE54-9A1E7A4F7556}") = "ListCollectionClass", "Collections\ListCollectionClass\ListCollectionClass.csproj", "{4BB275E3-3196-4BE0-9507-FDF6557D7CC0}"
EndProject
Project("{9A19103F-16F7-4668-BE54-9A1E7A4F7556}") = "QueueCollectionClass", "Collections\QueueCollectionClass\QueueCollectionClass.csproj", "{EEB3222E-2D64-4C57-98C7-73F28B5196C8}"
EndProject
Project("{9A19103F-16F7-4668-BE54-9A1E7A4F7556}") = "SortingComplexTypes", "Collections\SortingComplexTypes\SortingComplexTypes.csproj", "{46F144BA-0AB2-4180-8B62-3E3CCF695717}"
EndProject
Project("{9A19103F-16F7-4668-BE54-9A1E7A4F7556}") = "SortingUsingComparer", "Collections\SortingUsingComparer\SortingUsingComparer.csproj", "{4F52E504-0127-4224-BD64-DD3D23AD6EC8}"
EndProject
Project("{9A19103F-16F7-4668-BE54-9A1E7A4F7556}") = "SortingUsingComparisionDelegate", "Collections\SortingUsingComparisionDelegate\SortingUsingComparisionDelegate.csproj", "{D331B8FE-2FC2-4A2F-9A6E-892C4803E120}"
EndProject
Project("{9A19103F-16F7-4668-BE54-9A1E7A4F7556}") = "StackCollectionClass", "Collections\StackCollectionClass\StackCollectionClass.csproj", "{E884CE0D-C147-46CF-A3AF-A74FEC90FC75}"
EndProject
Project("{2150E333-8FDC-42A3-9474-1A3956D46DE8}") = "DesignPatterns", "DesignPatterns", "{668037A7-61C5-47FE-8E90-1E71A65B00B0}"
EndProject
Project("{9A19103F-16F7-4668-BE54-9A1E7A4F7556}") = "DecoratorPattern", "DesignPatterns\DecoratorPattern\DecoratorPattern.csproj", "{2FB4F6E0-917B-4679-A9E5-AF7381D161B6}"
EndProject
Project("{9A19103F-16F7-4668-BE54-9A1E7A4F7556}") = "FactoryMethodPattern", "DesignPatterns\FactoryMethodPattern\FactoryMethodPattern.csproj", "{7F87A7F3-98B9-4B2E-8087-14B4D27274D2}"
EndProject
Project("{9A19103F-16F7-4668-BE54-9A1E7A4F7556}") = "IteratorPattern", "DesignPatterns\IteratorPattern\IteratorPattern.csproj", "{F4638A27-0C72-4BEE-BEE6-D5750BFE86C4}"
EndProject
Project("{9A19103F-16F7-4668-BE54-9A1E7A4F7556}") = "ObserverPattern", "DesignPatterns\ObserverDesignPattern\ObserverPattern.csproj", "{2724D3C7-863B-4ABC-A19C-5CBC144B9B63}"
EndProject
Project("{9A19103F-16F7-4668-BE54-9A1E7A4F7556}") = "SingletonDesignPattern", "DesignPatterns\SingletonDesignPattern\SingletonDesignPattern.csproj", "{91FF8A27-9EE0-4282-AE33-AC7354C8E3DE}"
EndProject
Project("{9A19103F-16F7-4668-BE54-9A1E7A4F7556}") = "StrategyPattern", "DesignPatterns\StrategyPattern\StrategyPattern.csproj", "{BD01B0D5-CA71-42DD-BE90-693CF8B0EC1E}"
EndProject
Project("{2150E333-8FDC-42A3-9474-1A3956D46DE8}") = "ObjectOrientedConcepts", "ObjectOrientedConcepts", "{98C5E396-28AC-48DE-ADD8-1A967C8F62DD}"
EndProject
Project("{9A19103F-16F7-4668-BE54-9A1E7A4F7556}") = "AbstractClass", "ObjectOrientedConcepts\AbstractClass\AbstractClass.csproj", "{23D2B29D-A6D8-43C5-9132-D0276036508F}"
EndProject
Project("{9A19103F-16F7-4668-BE54-9A1E7A4F7556}") = "Inheritance", "ObjectOrientedConcepts\Inheritance\Inheritance.csproj", "{E627EC3F-95FC-4194-B404-9B09C9B252D7}"
EndProject
Project("{9A19103F-16F7-4668-BE54-9A1E7A4F7556}") = "Interfaces", "ObjectOrientedConcepts\Interfaces\Interfaces.csproj", "{151F493C-5224-48D0-8C52-F48C938AE0CF}"
EndProject
Project("{9A19103F-16F7-4668-BE54-9A1E7A4F7556}") = "MethodHiding", "ObjectOrientedConcepts\MethodHiding\MethodHiding.csproj", "{A48DD9D5-FA0E-460C-A4F4-9E84135539E2}"
EndProject
Project("{9A19103F-16F7-4668-BE54-9A1E7A4F7556}") = "MethodOverloading", "ObjectOrientedConcepts\MethodOverloading\MethodOverloading.csproj", "{E95EF663-69E4-41C4-AC30-273EAF8BAB10}"
EndProject
Project("{9A19103F-16F7-4668-BE54-9A1E7A4F7556}") = "MethodOverriding", "ObjectOrientedConcepts\MethodOverriding\MethodOverriding.csproj", "{A7F7F02A-D07A-46FB-8282-F524F9F50F3B}"
EndProject
Project("{9A19103F-16F7-4668-BE54-9A1E7A4F7556}") = "MethodsInCSharp", "ObjectOrientedConcepts\MethodsInCSharp\MethodsInCSharp.csproj", "{9BC8D2D9-D238-482F-97E5-CD6DDD20972E}"
EndProject
Project("{2150E333-8FDC-42A3-9474-1A3956D46DE8}") = "SolidPrinciples", "SolidPrinciples", "{3201CEF5-BF25-4CA2-84A8-FDD60E32ACAC}"
EndProject
Project("{9A19103F-16F7-4668-BE54-9A1E7A4F7556}") = "DependencyInversionExample", "SolidPrinciples\DependencyInjectionExample\DependencyInversionExample.csproj", "{3A53D1B5-E5EE-4877-8954-6AE623F62B6A}"
EndProject
Project("{9A19103F-16F7-4668-BE54-9A1E7A4F7556}") = "InterfaceSegregationPrinciple", "SolidPrinciples\InterfaceSegregationPrinciple\InterfaceSegregationPrinciple.csproj", "{BD3F0CBF-6A1D-4A48-8436-286F56863C29}"
EndProject
Project("{9A19103F-16F7-4668-BE54-9A1E7A4F7556}") = "LiskovSubstitutionPrinciple", "SolidPrinciples\LiskovSubstitutionPrinciple\LiskovSubstitutionPrinciple.csproj", "{30D4FC9B-0138-4AB5-93E1-324AF093E682}"
EndProject
Project("{9A19103F-16F7-4668-BE54-9A1E7A4F7556}") = "OpenClosedPrinciple", "SolidPrinciples\Open-ClosedPrinciple\OpenClosedPrinciple.csproj", "{9A7F9ACD-174A-4CB8-823F-62F8D771FDD1}"
EndProject
Project("{9A19103F-16F7-4668-BE54-9A1E7A4F7556}") = "SingleResponsibilityPrinciple", "SolidPrinciples\SingleResponsibilityPrinciple\SingleResponsibilityPrinciple.csproj", "{95E6C809-7FAF-4371-A5C4-EB84A04AC1D5}"
EndProject
Project("{9A19103F-16F7-4668-BE54-9A1E7A4F7556}") = "VisitorPattern", "DesignPatterns\VisitorPattern\VisitorPattern.csproj", "{625B9132-0EE3-4F8B-B13E-BFFAE132BEBF}"
EndProject
Project("{9A19103F-16F7-4668-BE54-9A1E7A4F7556}") = "UserDefinedException", "UserDefinedException\UserDefinedException.csproj", "{D7BDD9E3-69BF-4CB0-8F14-E08573AF8622}"
EndProject
Project("{9A19103F-16F7-4668-BE54-9A1E7A4F7556}") = "ConstReadonlyKeywords", "ConstReadonlyKeywords\ConstReadonlyKeywords.csproj", "{4E65E9CB-1BBF-4A9D-BFFC-CB1FED8954E1}"
EndProject
Project("{FAE04EC0-301F-11D3-BF4B-00C04F79EFBC}") = "Polymorphism", "..\..\..\Downloads\Ex_Files_Csharp_TestDriven\Ex_Files_Csharp_TestDriven\Exercise Files\Ch04\04_05\Finish\Polymorphism\Polymorphism\Polymorphism.csproj", "{646B8E38-A232-4DAD-BB90-C2AC2B7A65AA}"
EndProject
Project("{FAE04EC0-301F-11D3-BF4B-00C04F79EFBC}") = "PolymorphismTestProject", "..\..\..\Downloads\Ex_Files_Csharp_TestDriven\Ex_Files_Csharp_TestDriven\Exercise Files\Ch04\04_05\Finish\Polymorphism\PolymorphismTestProject\PolymorphismTestProject.csproj", "{B399F4CE-589D-4778-A9FB-E7145F618E4A}"
EndProject
Project("{9A19103F-16F7-4668-BE54-9A1E7A4F7556}") = "AbstractFactoryPattern", "DesignPatterns\AbstractFactoryPattern\AbstractFactoryPattern.csproj", "{43A4D89D-E661-44E4-A440-5450FE5752EC}"
EndProject
Global
	GlobalSection(SolutionConfigurationPlatforms) = preSolution
		Debug|Any CPU = Debug|Any CPU
		Release|Any CPU = Release|Any CPU
	EndGlobalSection
	GlobalSection(ProjectConfigurationPlatforms) = postSolution
		{13B4B378-BBCF-49F6-A91E-33A4DA396449}.Debug|Any CPU.ActiveCfg = Debug|Any CPU
		{13B4B378-BBCF-49F6-A91E-33A4DA396449}.Debug|Any CPU.Build.0 = Debug|Any CPU
		{13B4B378-BBCF-49F6-A91E-33A4DA396449}.Release|Any CPU.ActiveCfg = Release|Any CPU
		{13B4B378-BBCF-49F6-A91E-33A4DA396449}.Release|Any CPU.Build.0 = Release|Any CPU
		{2535172A-DE02-4698-8579-C3B1DA053B07}.Debug|Any CPU.ActiveCfg = Debug|Any CPU
		{2535172A-DE02-4698-8579-C3B1DA053B07}.Debug|Any CPU.Build.0 = Debug|Any CPU
		{2535172A-DE02-4698-8579-C3B1DA053B07}.Release|Any CPU.ActiveCfg = Release|Any CPU
		{2535172A-DE02-4698-8579-C3B1DA053B07}.Release|Any CPU.Build.0 = Release|Any CPU
		{C300AAFA-ECAC-4B12-A60D-9AF086346533}.Debug|Any CPU.ActiveCfg = Debug|Any CPU
		{C300AAFA-ECAC-4B12-A60D-9AF086346533}.Debug|Any CPU.Build.0 = Debug|Any CPU
		{C300AAFA-ECAC-4B12-A60D-9AF086346533}.Release|Any CPU.ActiveCfg = Release|Any CPU
		{C300AAFA-ECAC-4B12-A60D-9AF086346533}.Release|Any CPU.Build.0 = Release|Any CPU
		{8AD77529-731E-422C-B39D-BF4636F68E49}.Debug|Any CPU.ActiveCfg = Debug|Any CPU
		{8AD77529-731E-422C-B39D-BF4636F68E49}.Debug|Any CPU.Build.0 = Debug|Any CPU
		{8AD77529-731E-422C-B39D-BF4636F68E49}.Release|Any CPU.ActiveCfg = Release|Any CPU
		{8AD77529-731E-422C-B39D-BF4636F68E49}.Release|Any CPU.Build.0 = Release|Any CPU
		{B6303489-03E0-44D8-B611-A729780412FD}.Debug|Any CPU.ActiveCfg = Debug|Any CPU
		{B6303489-03E0-44D8-B611-A729780412FD}.Debug|Any CPU.Build.0 = Debug|Any CPU
		{B6303489-03E0-44D8-B611-A729780412FD}.Release|Any CPU.ActiveCfg = Release|Any CPU
		{B6303489-03E0-44D8-B611-A729780412FD}.Release|Any CPU.Build.0 = Release|Any CPU
		{047F1149-5A14-4F62-974C-23DCDB736C7D}.Debug|Any CPU.ActiveCfg = Debug|Any CPU
		{047F1149-5A14-4F62-974C-23DCDB736C7D}.Debug|Any CPU.Build.0 = Debug|Any CPU
		{047F1149-5A14-4F62-974C-23DCDB736C7D}.Release|Any CPU.ActiveCfg = Release|Any CPU
		{047F1149-5A14-4F62-974C-23DCDB736C7D}.Release|Any CPU.Build.0 = Release|Any CPU
		{4266C418-631A-418B-8072-8798874D07BB}.Debug|Any CPU.ActiveCfg = Debug|Any CPU
		{4266C418-631A-418B-8072-8798874D07BB}.Debug|Any CPU.Build.0 = Debug|Any CPU
		{4266C418-631A-418B-8072-8798874D07BB}.Release|Any CPU.ActiveCfg = Release|Any CPU
		{4266C418-631A-418B-8072-8798874D07BB}.Release|Any CPU.Build.0 = Release|Any CPU
		{2720D50B-BF68-4B8D-8C07-588D68DB1EDD}.Debug|Any CPU.ActiveCfg = Debug|Any CPU
		{2720D50B-BF68-4B8D-8C07-588D68DB1EDD}.Debug|Any CPU.Build.0 = Debug|Any CPU
		{2720D50B-BF68-4B8D-8C07-588D68DB1EDD}.Release|Any CPU.ActiveCfg = Release|Any CPU
		{2720D50B-BF68-4B8D-8C07-588D68DB1EDD}.Release|Any CPU.Build.0 = Release|Any CPU
		{4631CE3D-307C-4B85-80DF-EE05DB223C94}.Debug|Any CPU.ActiveCfg = Debug|Any CPU
		{4631CE3D-307C-4B85-80DF-EE05DB223C94}.Debug|Any CPU.Build.0 = Debug|Any CPU
		{4631CE3D-307C-4B85-80DF-EE05DB223C94}.Release|Any CPU.ActiveCfg = Release|Any CPU
		{4631CE3D-307C-4B85-80DF-EE05DB223C94}.Release|Any CPU.Build.0 = Release|Any CPU
		{CED0228B-C21C-4745-9BA9-3382B77DC131}.Debug|Any CPU.ActiveCfg = Debug|Any CPU
		{CED0228B-C21C-4745-9BA9-3382B77DC131}.Debug|Any CPU.Build.0 = Debug|Any CPU
		{CED0228B-C21C-4745-9BA9-3382B77DC131}.Release|Any CPU.ActiveCfg = Release|Any CPU
		{CED0228B-C21C-4745-9BA9-3382B77DC131}.Release|Any CPU.Build.0 = Release|Any CPU
		{160A0363-005C-46BA-978B-F1B1983A6BF0}.Debug|Any CPU.ActiveCfg = Debug|Any CPU
		{160A0363-005C-46BA-978B-F1B1983A6BF0}.Debug|Any CPU.Build.0 = Debug|Any CPU
		{160A0363-005C-46BA-978B-F1B1983A6BF0}.Release|Any CPU.ActiveCfg = Release|Any CPU
		{160A0363-005C-46BA-978B-F1B1983A6BF0}.Release|Any CPU.Build.0 = Release|Any CPU
		{D2120A7B-ED43-4D19-943D-EBF1363BDED9}.Debug|Any CPU.ActiveCfg = Debug|Any CPU
		{D2120A7B-ED43-4D19-943D-EBF1363BDED9}.Debug|Any CPU.Build.0 = Debug|Any CPU
		{D2120A7B-ED43-4D19-943D-EBF1363BDED9}.Release|Any CPU.ActiveCfg = Release|Any CPU
		{D2120A7B-ED43-4D19-943D-EBF1363BDED9}.Release|Any CPU.Build.0 = Release|Any CPU
		{C92AB863-C523-4F7E-ACEC-429FAC3DDA53}.Debug|Any CPU.ActiveCfg = Debug|Any CPU
		{C92AB863-C523-4F7E-ACEC-429FAC3DDA53}.Debug|Any CPU.Build.0 = Debug|Any CPU
		{C92AB863-C523-4F7E-ACEC-429FAC3DDA53}.Release|Any CPU.ActiveCfg = Release|Any CPU
		{C92AB863-C523-4F7E-ACEC-429FAC3DDA53}.Release|Any CPU.Build.0 = Release|Any CPU
		{A0A3520B-209C-43EC-8D91-D7D2BF857C3C}.Debug|Any CPU.ActiveCfg = Debug|Any CPU
		{A0A3520B-209C-43EC-8D91-D7D2BF857C3C}.Debug|Any CPU.Build.0 = Debug|Any CPU
		{A0A3520B-209C-43EC-8D91-D7D2BF857C3C}.Release|Any CPU.ActiveCfg = Release|Any CPU
		{A0A3520B-209C-43EC-8D91-D7D2BF857C3C}.Release|Any CPU.Build.0 = Release|Any CPU
		{4B106935-DEE8-4C92-8EDC-E92C55AF19C5}.Debug|Any CPU.ActiveCfg = Debug|Any CPU
		{4B106935-DEE8-4C92-8EDC-E92C55AF19C5}.Debug|Any CPU.Build.0 = Debug|Any CPU
		{4B106935-DEE8-4C92-8EDC-E92C55AF19C5}.Release|Any CPU.ActiveCfg = Release|Any CPU
		{4B106935-DEE8-4C92-8EDC-E92C55AF19C5}.Release|Any CPU.Build.0 = Release|Any CPU
		{A784E07F-C354-417E-A739-A73855F35B6E}.Debug|Any CPU.ActiveCfg = Debug|Any CPU
		{A784E07F-C354-417E-A739-A73855F35B6E}.Debug|Any CPU.Build.0 = Debug|Any CPU
		{A784E07F-C354-417E-A739-A73855F35B6E}.Release|Any CPU.ActiveCfg = Release|Any CPU
		{A784E07F-C354-417E-A739-A73855F35B6E}.Release|Any CPU.Build.0 = Release|Any CPU
		{243A2F9E-CCC7-40A3-947C-DD29622B6FBE}.Debug|Any CPU.ActiveCfg = Debug|Any CPU
		{243A2F9E-CCC7-40A3-947C-DD29622B6FBE}.Debug|Any CPU.Build.0 = Debug|Any CPU
		{243A2F9E-CCC7-40A3-947C-DD29622B6FBE}.Release|Any CPU.ActiveCfg = Release|Any CPU
		{243A2F9E-CCC7-40A3-947C-DD29622B6FBE}.Release|Any CPU.Build.0 = Release|Any CPU
		{4BB275E3-3196-4BE0-9507-FDF6557D7CC0}.Debug|Any CPU.ActiveCfg = Debug|Any CPU
		{4BB275E3-3196-4BE0-9507-FDF6557D7CC0}.Debug|Any CPU.Build.0 = Debug|Any CPU
		{4BB275E3-3196-4BE0-9507-FDF6557D7CC0}.Release|Any CPU.ActiveCfg = Release|Any CPU
		{4BB275E3-3196-4BE0-9507-FDF6557D7CC0}.Release|Any CPU.Build.0 = Release|Any CPU
		{EEB3222E-2D64-4C57-98C7-73F28B5196C8}.Debug|Any CPU.ActiveCfg = Debug|Any CPU
		{EEB3222E-2D64-4C57-98C7-73F28B5196C8}.Debug|Any CPU.Build.0 = Debug|Any CPU
		{EEB3222E-2D64-4C57-98C7-73F28B5196C8}.Release|Any CPU.ActiveCfg = Release|Any CPU
		{EEB3222E-2D64-4C57-98C7-73F28B5196C8}.Release|Any CPU.Build.0 = Release|Any CPU
		{46F144BA-0AB2-4180-8B62-3E3CCF695717}.Debug|Any CPU.ActiveCfg = Debug|Any CPU
		{46F144BA-0AB2-4180-8B62-3E3CCF695717}.Debug|Any CPU.Build.0 = Debug|Any CPU
		{46F144BA-0AB2-4180-8B62-3E3CCF695717}.Release|Any CPU.ActiveCfg = Release|Any CPU
		{46F144BA-0AB2-4180-8B62-3E3CCF695717}.Release|Any CPU.Build.0 = Release|Any CPU
		{4F52E504-0127-4224-BD64-DD3D23AD6EC8}.Debug|Any CPU.ActiveCfg = Debug|Any CPU
		{4F52E504-0127-4224-BD64-DD3D23AD6EC8}.Debug|Any CPU.Build.0 = Debug|Any CPU
		{4F52E504-0127-4224-BD64-DD3D23AD6EC8}.Release|Any CPU.ActiveCfg = Release|Any CPU
		{4F52E504-0127-4224-BD64-DD3D23AD6EC8}.Release|Any CPU.Build.0 = Release|Any CPU
		{D331B8FE-2FC2-4A2F-9A6E-892C4803E120}.Debug|Any CPU.ActiveCfg = Debug|Any CPU
		{D331B8FE-2FC2-4A2F-9A6E-892C4803E120}.Debug|Any CPU.Build.0 = Debug|Any CPU
		{D331B8FE-2FC2-4A2F-9A6E-892C4803E120}.Release|Any CPU.ActiveCfg = Release|Any CPU
		{D331B8FE-2FC2-4A2F-9A6E-892C4803E120}.Release|Any CPU.Build.0 = Release|Any CPU
		{E884CE0D-C147-46CF-A3AF-A74FEC90FC75}.Debug|Any CPU.ActiveCfg = Debug|Any CPU
		{E884CE0D-C147-46CF-A3AF-A74FEC90FC75}.Debug|Any CPU.Build.0 = Debug|Any CPU
		{E884CE0D-C147-46CF-A3AF-A74FEC90FC75}.Release|Any CPU.ActiveCfg = Release|Any CPU
		{E884CE0D-C147-46CF-A3AF-A74FEC90FC75}.Release|Any CPU.Build.0 = Release|Any CPU
		{2FB4F6E0-917B-4679-A9E5-AF7381D161B6}.Debug|Any CPU.ActiveCfg = Debug|Any CPU
		{2FB4F6E0-917B-4679-A9E5-AF7381D161B6}.Debug|Any CPU.Build.0 = Debug|Any CPU
		{2FB4F6E0-917B-4679-A9E5-AF7381D161B6}.Release|Any CPU.ActiveCfg = Release|Any CPU
		{2FB4F6E0-917B-4679-A9E5-AF7381D161B6}.Release|Any CPU.Build.0 = Release|Any CPU
		{7F87A7F3-98B9-4B2E-8087-14B4D27274D2}.Debug|Any CPU.ActiveCfg = Debug|Any CPU
		{7F87A7F3-98B9-4B2E-8087-14B4D27274D2}.Debug|Any CPU.Build.0 = Debug|Any CPU
		{7F87A7F3-98B9-4B2E-8087-14B4D27274D2}.Release|Any CPU.ActiveCfg = Release|Any CPU
		{7F87A7F3-98B9-4B2E-8087-14B4D27274D2}.Release|Any CPU.Build.0 = Release|Any CPU
		{F4638A27-0C72-4BEE-BEE6-D5750BFE86C4}.Debug|Any CPU.ActiveCfg = Debug|Any CPU
		{F4638A27-0C72-4BEE-BEE6-D5750BFE86C4}.Debug|Any CPU.Build.0 = Debug|Any CPU
		{F4638A27-0C72-4BEE-BEE6-D5750BFE86C4}.Release|Any CPU.ActiveCfg = Release|Any CPU
		{F4638A27-0C72-4BEE-BEE6-D5750BFE86C4}.Release|Any CPU.Build.0 = Release|Any CPU
		{2724D3C7-863B-4ABC-A19C-5CBC144B9B63}.Debug|Any CPU.ActiveCfg = Debug|Any CPU
		{2724D3C7-863B-4ABC-A19C-5CBC144B9B63}.Debug|Any CPU.Build.0 = Debug|Any CPU
		{2724D3C7-863B-4ABC-A19C-5CBC144B9B63}.Release|Any CPU.ActiveCfg = Release|Any CPU
		{2724D3C7-863B-4ABC-A19C-5CBC144B9B63}.Release|Any CPU.Build.0 = Release|Any CPU
		{91FF8A27-9EE0-4282-AE33-AC7354C8E3DE}.Debug|Any CPU.ActiveCfg = Debug|Any CPU
		{91FF8A27-9EE0-4282-AE33-AC7354C8E3DE}.Debug|Any CPU.Build.0 = Debug|Any CPU
		{91FF8A27-9EE0-4282-AE33-AC7354C8E3DE}.Release|Any CPU.ActiveCfg = Release|Any CPU
		{91FF8A27-9EE0-4282-AE33-AC7354C8E3DE}.Release|Any CPU.Build.0 = Release|Any CPU
		{BD01B0D5-CA71-42DD-BE90-693CF8B0EC1E}.Debug|Any CPU.ActiveCfg = Debug|Any CPU
		{BD01B0D5-CA71-42DD-BE90-693CF8B0EC1E}.Debug|Any CPU.Build.0 = Debug|Any CPU
		{BD01B0D5-CA71-42DD-BE90-693CF8B0EC1E}.Release|Any CPU.ActiveCfg = Release|Any CPU
		{BD01B0D5-CA71-42DD-BE90-693CF8B0EC1E}.Release|Any CPU.Build.0 = Release|Any CPU
		{23D2B29D-A6D8-43C5-9132-D0276036508F}.Debug|Any CPU.ActiveCfg = Debug|Any CPU
		{23D2B29D-A6D8-43C5-9132-D0276036508F}.Debug|Any CPU.Build.0 = Debug|Any CPU
		{23D2B29D-A6D8-43C5-9132-D0276036508F}.Release|Any CPU.ActiveCfg = Release|Any CPU
		{23D2B29D-A6D8-43C5-9132-D0276036508F}.Release|Any CPU.Build.0 = Release|Any CPU
		{E627EC3F-95FC-4194-B404-9B09C9B252D7}.Debug|Any CPU.ActiveCfg = Debug|Any CPU
		{E627EC3F-95FC-4194-B404-9B09C9B252D7}.Debug|Any CPU.Build.0 = Debug|Any CPU
		{E627EC3F-95FC-4194-B404-9B09C9B252D7}.Release|Any CPU.ActiveCfg = Release|Any CPU
		{E627EC3F-95FC-4194-B404-9B09C9B252D7}.Release|Any CPU.Build.0 = Release|Any CPU
		{151F493C-5224-48D0-8C52-F48C938AE0CF}.Debug|Any CPU.ActiveCfg = Debug|Any CPU
		{151F493C-5224-48D0-8C52-F48C938AE0CF}.Debug|Any CPU.Build.0 = Debug|Any CPU
		{151F493C-5224-48D0-8C52-F48C938AE0CF}.Release|Any CPU.ActiveCfg = Release|Any CPU
		{151F493C-5224-48D0-8C52-F48C938AE0CF}.Release|Any CPU.Build.0 = Release|Any CPU
		{A48DD9D5-FA0E-460C-A4F4-9E84135539E2}.Debug|Any CPU.ActiveCfg = Debug|Any CPU
		{A48DD9D5-FA0E-460C-A4F4-9E84135539E2}.Debug|Any CPU.Build.0 = Debug|Any CPU
		{A48DD9D5-FA0E-460C-A4F4-9E84135539E2}.Release|Any CPU.ActiveCfg = Release|Any CPU
		{A48DD9D5-FA0E-460C-A4F4-9E84135539E2}.Release|Any CPU.Build.0 = Release|Any CPU
		{E95EF663-69E4-41C4-AC30-273EAF8BAB10}.Debug|Any CPU.ActiveCfg = Debug|Any CPU
		{E95EF663-69E4-41C4-AC30-273EAF8BAB10}.Debug|Any CPU.Build.0 = Debug|Any CPU
		{E95EF663-69E4-41C4-AC30-273EAF8BAB10}.Release|Any CPU.ActiveCfg = Release|Any CPU
		{E95EF663-69E4-41C4-AC30-273EAF8BAB10}.Release|Any CPU.Build.0 = Release|Any CPU
		{A7F7F02A-D07A-46FB-8282-F524F9F50F3B}.Debug|Any CPU.ActiveCfg = Debug|Any CPU
		{A7F7F02A-D07A-46FB-8282-F524F9F50F3B}.Debug|Any CPU.Build.0 = Debug|Any CPU
		{A7F7F02A-D07A-46FB-8282-F524F9F50F3B}.Release|Any CPU.ActiveCfg = Release|Any CPU
		{A7F7F02A-D07A-46FB-8282-F524F9F50F3B}.Release|Any CPU.Build.0 = Release|Any CPU
		{9BC8D2D9-D238-482F-97E5-CD6DDD20972E}.Debug|Any CPU.ActiveCfg = Debug|Any CPU
		{9BC8D2D9-D238-482F-97E5-CD6DDD20972E}.Debug|Any CPU.Build.0 = Debug|Any CPU
		{9BC8D2D9-D238-482F-97E5-CD6DDD20972E}.Release|Any CPU.ActiveCfg = Release|Any CPU
		{9BC8D2D9-D238-482F-97E5-CD6DDD20972E}.Release|Any CPU.Build.0 = Release|Any CPU
		{3A53D1B5-E5EE-4877-8954-6AE623F62B6A}.Debug|Any CPU.ActiveCfg = Debug|Any CPU
		{3A53D1B5-E5EE-4877-8954-6AE623F62B6A}.Debug|Any CPU.Build.0 = Debug|Any CPU
		{3A53D1B5-E5EE-4877-8954-6AE623F62B6A}.Release|Any CPU.ActiveCfg = Release|Any CPU
		{3A53D1B5-E5EE-4877-8954-6AE623F62B6A}.Release|Any CPU.Build.0 = Release|Any CPU
		{BD3F0CBF-6A1D-4A48-8436-286F56863C29}.Debug|Any CPU.ActiveCfg = Debug|Any CPU
		{BD3F0CBF-6A1D-4A48-8436-286F56863C29}.Debug|Any CPU.Build.0 = Debug|Any CPU
		{BD3F0CBF-6A1D-4A48-8436-286F56863C29}.Release|Any CPU.ActiveCfg = Release|Any CPU
		{BD3F0CBF-6A1D-4A48-8436-286F56863C29}.Release|Any CPU.Build.0 = Release|Any CPU
		{30D4FC9B-0138-4AB5-93E1-324AF093E682}.Debug|Any CPU.ActiveCfg = Debug|Any CPU
		{30D4FC9B-0138-4AB5-93E1-324AF093E682}.Debug|Any CPU.Build.0 = Debug|Any CPU
		{30D4FC9B-0138-4AB5-93E1-324AF093E682}.Release|Any CPU.ActiveCfg = Release|Any CPU
		{30D4FC9B-0138-4AB5-93E1-324AF093E682}.Release|Any CPU.Build.0 = Release|Any CPU
		{9A7F9ACD-174A-4CB8-823F-62F8D771FDD1}.Debug|Any CPU.ActiveCfg = Debug|Any CPU
		{9A7F9ACD-174A-4CB8-823F-62F8D771FDD1}.Debug|Any CPU.Build.0 = Debug|Any CPU
		{9A7F9ACD-174A-4CB8-823F-62F8D771FDD1}.Release|Any CPU.ActiveCfg = Release|Any CPU
		{9A7F9ACD-174A-4CB8-823F-62F8D771FDD1}.Release|Any CPU.Build.0 = Release|Any CPU
		{95E6C809-7FAF-4371-A5C4-EB84A04AC1D5}.Debug|Any CPU.ActiveCfg = Debug|Any CPU
		{95E6C809-7FAF-4371-A5C4-EB84A04AC1D5}.Debug|Any CPU.Build.0 = Debug|Any CPU
		{95E6C809-7FAF-4371-A5C4-EB84A04AC1D5}.Release|Any CPU.ActiveCfg = Release|Any CPU
		{95E6C809-7FAF-4371-A5C4-EB84A04AC1D5}.Release|Any CPU.Build.0 = Release|Any CPU
		{625B9132-0EE3-4F8B-B13E-BFFAE132BEBF}.Debug|Any CPU.ActiveCfg = Debug|Any CPU
		{625B9132-0EE3-4F8B-B13E-BFFAE132BEBF}.Debug|Any CPU.Build.0 = Debug|Any CPU
		{625B9132-0EE3-4F8B-B13E-BFFAE132BEBF}.Release|Any CPU.ActiveCfg = Release|Any CPU
		{625B9132-0EE3-4F8B-B13E-BFFAE132BEBF}.Release|Any CPU.Build.0 = Release|Any CPU
		{D7BDD9E3-69BF-4CB0-8F14-E08573AF8622}.Debug|Any CPU.ActiveCfg = Debug|Any CPU
		{D7BDD9E3-69BF-4CB0-8F14-E08573AF8622}.Debug|Any CPU.Build.0 = Debug|Any CPU
		{D7BDD9E3-69BF-4CB0-8F14-E08573AF8622}.Release|Any CPU.ActiveCfg = Release|Any CPU
		{D7BDD9E3-69BF-4CB0-8F14-E08573AF8622}.Release|Any CPU.Build.0 = Release|Any CPU
		{4E65E9CB-1BBF-4A9D-BFFC-CB1FED8954E1}.Debug|Any CPU.ActiveCfg = Debug|Any CPU
		{4E65E9CB-1BBF-4A9D-BFFC-CB1FED8954E1}.Debug|Any CPU.Build.0 = Debug|Any CPU
		{4E65E9CB-1BBF-4A9D-BFFC-CB1FED8954E1}.Release|Any CPU.ActiveCfg = Release|Any CPU
		{4E65E9CB-1BBF-4A9D-BFFC-CB1FED8954E1}.Release|Any CPU.Build.0 = Release|Any CPU
		{646B8E38-A232-4DAD-BB90-C2AC2B7A65AA}.Debug|Any CPU.ActiveCfg = Debug|Any CPU
		{646B8E38-A232-4DAD-BB90-C2AC2B7A65AA}.Debug|Any CPU.Build.0 = Debug|Any CPU
		{646B8E38-A232-4DAD-BB90-C2AC2B7A65AA}.Release|Any CPU.ActiveCfg = Release|Any CPU
		{646B8E38-A232-4DAD-BB90-C2AC2B7A65AA}.Release|Any CPU.Build.0 = Release|Any CPU
		{B399F4CE-589D-4778-A9FB-E7145F618E4A}.Debug|Any CPU.ActiveCfg = Debug|Any CPU
		{B399F4CE-589D-4778-A9FB-E7145F618E4A}.Debug|Any CPU.Build.0 = Debug|Any CPU
		{B399F4CE-589D-4778-A9FB-E7145F618E4A}.Release|Any CPU.ActiveCfg = Release|Any CPU
		{B399F4CE-589D-4778-A9FB-E7145F618E4A}.Release|Any CPU.Build.0 = Release|Any CPU
		{43A4D89D-E661-44E4-A440-5450FE5752EC}.Debug|Any CPU.ActiveCfg = Debug|Any CPU
		{43A4D89D-E661-44E4-A440-5450FE5752EC}.Debug|Any CPU.Build.0 = Debug|Any CPU
		{43A4D89D-E661-44E4-A440-5450FE5752EC}.Release|Any CPU.ActiveCfg = Release|Any CPU
		{43A4D89D-E661-44E4-A440-5450FE5752EC}.Release|Any CPU.Build.0 = Release|Any CPU
	EndGlobalSection
	GlobalSection(SolutionProperties) = preSolution
		HideSolutionNode = FALSE
	EndGlobalSection
	GlobalSection(NestedProjects) = preSolution
		{C92AB863-C523-4F7E-ACEC-429FAC3DDA53} = {738DD64B-C0BD-411E-9FF5-B0778A718605}
		{A0A3520B-209C-43EC-8D91-D7D2BF857C3C} = {738DD64B-C0BD-411E-9FF5-B0778A718605}
		{4B106935-DEE8-4C92-8EDC-E92C55AF19C5} = {738DD64B-C0BD-411E-9FF5-B0778A718605}
		{A784E07F-C354-417E-A739-A73855F35B6E} = {738DD64B-C0BD-411E-9FF5-B0778A718605}
		{243A2F9E-CCC7-40A3-947C-DD29622B6FBE} = {EC9215E5-40AF-468C-8174-CA38C45E2ED6}
		{4BB275E3-3196-4BE0-9507-FDF6557D7CC0} = {EC9215E5-40AF-468C-8174-CA38C45E2ED6}
		{EEB3222E-2D64-4C57-98C7-73F28B5196C8} = {EC9215E5-40AF-468C-8174-CA38C45E2ED6}
		{46F144BA-0AB2-4180-8B62-3E3CCF695717} = {EC9215E5-40AF-468C-8174-CA38C45E2ED6}
		{4F52E504-0127-4224-BD64-DD3D23AD6EC8} = {EC9215E5-40AF-468C-8174-CA38C45E2ED6}
		{D331B8FE-2FC2-4A2F-9A6E-892C4803E120} = {EC9215E5-40AF-468C-8174-CA38C45E2ED6}
		{E884CE0D-C147-46CF-A3AF-A74FEC90FC75} = {EC9215E5-40AF-468C-8174-CA38C45E2ED6}
		{2FB4F6E0-917B-4679-A9E5-AF7381D161B6} = {668037A7-61C5-47FE-8E90-1E71A65B00B0}
		{7F87A7F3-98B9-4B2E-8087-14B4D27274D2} = {668037A7-61C5-47FE-8E90-1E71A65B00B0}
		{F4638A27-0C72-4BEE-BEE6-D5750BFE86C4} = {668037A7-61C5-47FE-8E90-1E71A65B00B0}
		{2724D3C7-863B-4ABC-A19C-5CBC144B9B63} = {668037A7-61C5-47FE-8E90-1E71A65B00B0}
		{91FF8A27-9EE0-4282-AE33-AC7354C8E3DE} = {668037A7-61C5-47FE-8E90-1E71A65B00B0}
		{BD01B0D5-CA71-42DD-BE90-693CF8B0EC1E} = {668037A7-61C5-47FE-8E90-1E71A65B00B0}
		{23D2B29D-A6D8-43C5-9132-D0276036508F} = {98C5E396-28AC-48DE-ADD8-1A967C8F62DD}
		{E627EC3F-95FC-4194-B404-9B09C9B252D7} = {98C5E396-28AC-48DE-ADD8-1A967C8F62DD}
		{151F493C-5224-48D0-8C52-F48C938AE0CF} = {98C5E396-28AC-48DE-ADD8-1A967C8F62DD}
		{A48DD9D5-FA0E-460C-A4F4-9E84135539E2} = {98C5E396-28AC-48DE-ADD8-1A967C8F62DD}
		{E95EF663-69E4-41C4-AC30-273EAF8BAB10} = {98C5E396-28AC-48DE-ADD8-1A967C8F62DD}
		{A7F7F02A-D07A-46FB-8282-F524F9F50F3B} = {98C5E396-28AC-48DE-ADD8-1A967C8F62DD}
		{9BC8D2D9-D238-482F-97E5-CD6DDD20972E} = {98C5E396-28AC-48DE-ADD8-1A967C8F62DD}
		{3A53D1B5-E5EE-4877-8954-6AE623F62B6A} = {3201CEF5-BF25-4CA2-84A8-FDD60E32ACAC}
		{BD3F0CBF-6A1D-4A48-8436-286F56863C29} = {3201CEF5-BF25-4CA2-84A8-FDD60E32ACAC}
		{30D4FC9B-0138-4AB5-93E1-324AF093E682} = {3201CEF5-BF25-4CA2-84A8-FDD60E32ACAC}
		{9A7F9ACD-174A-4CB8-823F-62F8D771FDD1} = {3201CEF5-BF25-4CA2-84A8-FDD60E32ACAC}
		{95E6C809-7FAF-4371-A5C4-EB84A04AC1D5} = {3201CEF5-BF25-4CA2-84A8-FDD60E32ACAC}
		{43A4D89D-E661-44E4-A440-5450FE5752EC} = {668037A7-61C5-47FE-8E90-1E71A65B00B0}
	EndGlobalSection
	GlobalSection(ExtensibilityGlobals) = postSolution
		SolutionGuid = {A5648E9F-3CFB-41B7-BAA9-67D15DFC4738}
	EndGlobalSection
EndGlobal
